// !$*UTF8*$!
{
	archiveVersion = 1;
	classes = {
	};
	objectVersion = 56;
	objects = {

/* Begin PBXBuildFile section */
		2801144B2BB18B6C00507B91 /* ItemsViewModel.swift in Sources */ = {isa = PBXBuildFile; fileRef = 2801144A2BB18B6C00507B91 /* ItemsViewModel.swift */; };
		2817C1912BBB13F4008256EE /* EditItem.swift in Sources */ = {isa = PBXBuildFile; fileRef = 2817C1902BBB13F4008256EE /* EditItem.swift */; };
		2819535E2BD5C99900685A77 /* Location.swift in Sources */ = {isa = PBXBuildFile; fileRef = 2819535D2BD5C99900685A77 /* Location.swift */; };
		281D781C2BD6CC3800A24BA7 /* barcodeToWord.swift in Sources */ = {isa = PBXBuildFile; fileRef = 281D781B2BD6CC3800A24BA7 /* barcodeToWord.swift */; };
		281D781E2BD6CC4300A24BA7 /* Barcode.swift in Sources */ = {isa = PBXBuildFile; fileRef = 281D781D2BD6CC4300A24BA7 /* Barcode.swift */; };
		281D78202BD6CC4900A24BA7 /* barcodeScanning.swift in Sources */ = {isa = PBXBuildFile; fileRef = 281D781F2BD6CC4900A24BA7 /* barcodeScanning.swift */; };
		281D78222BD6CD5C00A24BA7 /* ScanItem.swift in Sources */ = {isa = PBXBuildFile; fileRef = 281D78212BD6CD5C00A24BA7 /* ScanItem.swift */; };
		281D78252BD6E9C100A24BA7 /* ScannerView.swift in Sources */ = {isa = PBXBuildFile; fileRef = 281D78242BD6E9C000A24BA7 /* ScannerView.swift */; };
		283013082BD3DF3A0013900D /* LocationsViewModel.swift in Sources */ = {isa = PBXBuildFile; fileRef = 283013072BD3DF3A0013900D /* LocationsViewModel.swift */; };
		2830130A2BD3E6370013900D /* LocationsPreviewView.swift in Sources */ = {isa = PBXBuildFile; fileRef = 283013092BD3E6370013900D /* LocationsPreviewView.swift */; };
		2830130C2BD3FB2E0013900D /* LocationMapAnnotationView.swift in Sources */ = {isa = PBXBuildFile; fileRef = 2830130B2BD3FB2E0013900D /* LocationMapAnnotationView.swift */; };
		284DBC532BB9BFDA0027EA3C /* Networking.swift in Sources */ = {isa = PBXBuildFile; fileRef = 284DBC522BB9BFDA0027EA3C /* Networking.swift */; };
		284DBC5E2BBA26C50027EA3C /* NewItemForm.swift in Sources */ = {isa = PBXBuildFile; fileRef = 284DBC5D2BBA26C40027EA3C /* NewItemForm.swift */; };
		285740CB2BAF1DD600DA80B2 /* ImagePicker.swift in Sources */ = {isa = PBXBuildFile; fileRef = 285740CA2BAF1DD500DA80B2 /* ImagePicker.swift */; };
		2899C12B2BB70066007006E2 /* AddItem.swift in Sources */ = {isa = PBXBuildFile; fileRef = 2899C12A2BB70066007006E2 /* AddItem.swift */; };
		28A8DFFB2BB839DD001981C1 /* FirebaseStorage in Frameworks */ = {isa = PBXBuildFile; productRef = 28A8DFFA2BB839DD001981C1 /* FirebaseStorage */; };
		28AAF0332BD85ACA00720304 /* Kingfisher in Frameworks */ = {isa = PBXBuildFile; productRef = 28AAF0322BD85ACA00720304 /* Kingfisher */; };
		28AAF0362BD9222600720304 /* SettingsView.swift in Sources */ = {isa = PBXBuildFile; fileRef = 28AAF0352BD9222600720304 /* SettingsView.swift */; };
		28AAF0382BD9222D00720304 /* Recipe.swift in Sources */ = {isa = PBXBuildFile; fileRef = 28AAF0372BD9222D00720304 /* Recipe.swift */; };
		28AAF03B2BD9247800720304 /* RecipeSearchView.swift in Sources */ = {isa = PBXBuildFile; fileRef = 28AAF0392BD9247800720304 /* RecipeSearchView.swift */; };
		28AAF03C2BD9247800720304 /* recipeSearch.swift in Sources */ = {isa = PBXBuildFile; fileRef = 28AAF03A2BD9247800720304 /* recipeSearch.swift */; };
		28AAF0402BD92A6300720304 /* Network.swift in Sources */ = {isa = PBXBuildFile; fileRef = 28AAF03F2BD92A6200720304 /* Network.swift */; };
		28AAF0422BD9577700720304 /* RecipeCardView.swift in Sources */ = {isa = PBXBuildFile; fileRef = 28AAF0412BD9577600720304 /* RecipeCardView.swift */; };
		28BC59242BD301C800F66D4F /* LocationsView.swift in Sources */ = {isa = PBXBuildFile; fileRef = 28BC59232BD301C800F66D4F /* LocationsView.swift */; };
		28C445D72BD3D547002D60D1 /* LocationsDataService.swift in Sources */ = {isa = PBXBuildFile; fileRef = 28C445D62BD3D547002D60D1 /* LocationsDataService.swift */; };
		28D122EA2BB071D50068BE7E /* Items.swift in Sources */ = {isa = PBXBuildFile; fileRef = 28D122E92BB071D40068BE7E /* Items.swift */; };
		28D122EE2BB074FF0068BE7E /* ListView.swift in Sources */ = {isa = PBXBuildFile; fileRef = 28D122ED2BB074FF0068BE7E /* ListView.swift */; };
		28D122F02BB0DE880068BE7E /* NewItemView.swift in Sources */ = {isa = PBXBuildFile; fileRef = 28D122EF2BB0DE870068BE7E /* NewItemView.swift */; };
		28D5EA502BA8427900BF46DD /* EcoAppApp.swift in Sources */ = {isa = PBXBuildFile; fileRef = 28D5EA4F2BA8427900BF46DD /* EcoAppApp.swift */; };
		28D5EA522BA8427900BF46DD /* ContentView.swift in Sources */ = {isa = PBXBuildFile; fileRef = 28D5EA512BA8427900BF46DD /* ContentView.swift */; };
		28D5EA542BA8427D00BF46DD /* Assets.xcassets in Resources */ = {isa = PBXBuildFile; fileRef = 28D5EA532BA8427D00BF46DD /* Assets.xcassets */; };
		28D5EA572BA8427D00BF46DD /* Preview Assets.xcassets in Resources */ = {isa = PBXBuildFile; fileRef = 28D5EA562BA8427D00BF46DD /* Preview Assets.xcassets */; };
		28D5EA992BA8457100BF46DD /* FirebaseAuth in Frameworks */ = {isa = PBXBuildFile; productRef = 28D5EA982BA8457100BF46DD /* FirebaseAuth */; };
		28D5EA9B2BA8457E00BF46DD /* Lottie in Frameworks */ = {isa = PBXBuildFile; productRef = 28D5EA9A2BA8457E00BF46DD /* Lottie */; };
		28D5EA9D2BA8459100BF46DD /* FirebaseFirestoreSwift in Frameworks */ = {isa = PBXBuildFile; productRef = 28D5EA9C2BA8459100BF46DD /* FirebaseFirestoreSwift */; };
		28D5EA9F2BA847AF00BF46DD /* GoogleService-Info.plist in Resources */ = {isa = PBXBuildFile; fileRef = 28D5EA9E2BA847AD00BF46DD /* GoogleService-Info.plist */; };
		28D5EAA22BA8484C00BF46DD /* Login.swift in Sources */ = {isa = PBXBuildFile; fileRef = 28D5EAA12BA8484C00BF46DD /* Login.swift */; };
		28D5EAA62BA85EAA00BF46DD /* EmailAnimation.json in Resources */ = {isa = PBXBuildFile; fileRef = 28D5EAA52BA85EAA00BF46DD /* EmailAnimation.json */; };
		28D5EAAA2BA8621800BF46DD /* EmailAnim.json in Resources */ = {isa = PBXBuildFile; fileRef = 28D5EAA92BA8621800BF46DD /* EmailAnim.json */; };
		28D5EAAC2BA866A400BF46DD /* Home.swift in Sources */ = {isa = PBXBuildFile; fileRef = 28D5EAAB2BA866A400BF46DD /* Home.swift */; };
/* End PBXBuildFile section */

/* Begin PBXFileReference section */
		2801144A2BB18B6C00507B91 /* ItemsViewModel.swift */ = {isa = PBXFileReference; lastKnownFileType = sourcecode.swift; path = ItemsViewModel.swift; sourceTree = "<group>"; };
		2817C1902BBB13F4008256EE /* EditItem.swift */ = {isa = PBXFileReference; lastKnownFileType = sourcecode.swift; path = EditItem.swift; sourceTree = "<group>"; };
		2819535D2BD5C99900685A77 /* Location.swift */ = {isa = PBXFileReference; fileEncoding = 4; lastKnownFileType = sourcecode.swift; path = Location.swift; sourceTree = "<group>"; };
		281D781B2BD6CC3800A24BA7 /* barcodeToWord.swift */ = {isa = PBXFileReference; fileEncoding = 4; lastKnownFileType = sourcecode.swift; path = barcodeToWord.swift; sourceTree = "<group>"; };
		281D781D2BD6CC4300A24BA7 /* Barcode.swift */ = {isa = PBXFileReference; fileEncoding = 4; lastKnownFileType = sourcecode.swift; path = Barcode.swift; sourceTree = "<group>"; };
		281D781F2BD6CC4900A24BA7 /* barcodeScanning.swift */ = {isa = PBXFileReference; fileEncoding = 4; lastKnownFileType = sourcecode.swift; path = barcodeScanning.swift; sourceTree = "<group>"; };
		281D78212BD6CD5C00A24BA7 /* ScanItem.swift */ = {isa = PBXFileReference; fileEncoding = 4; lastKnownFileType = sourcecode.swift; path = ScanItem.swift; sourceTree = "<group>"; };
		281D78242BD6E9C000A24BA7 /* ScannerView.swift */ = {isa = PBXFileReference; fileEncoding = 4; lastKnownFileType = sourcecode.swift; path = ScannerView.swift; sourceTree = "<group>"; };
		283013072BD3DF3A0013900D /* LocationsViewModel.swift */ = {isa = PBXFileReference; fileEncoding = 4; lastKnownFileType = sourcecode.swift; path = LocationsViewModel.swift; sourceTree = "<group>"; };
		283013092BD3E6370013900D /* LocationsPreviewView.swift */ = {isa = PBXFileReference; fileEncoding = 4; lastKnownFileType = sourcecode.swift; path = LocationsPreviewView.swift; sourceTree = "<group>"; };
		2830130B2BD3FB2E0013900D /* LocationMapAnnotationView.swift */ = {isa = PBXFileReference; fileEncoding = 4; lastKnownFileType = sourcecode.swift; path = LocationMapAnnotationView.swift; sourceTree = "<group>"; };
		284DBC522BB9BFDA0027EA3C /* Networking.swift */ = {isa = PBXFileReference; lastKnownFileType = sourcecode.swift; path = Networking.swift; sourceTree = "<group>"; };
		284DBC5D2BBA26C40027EA3C /* NewItemForm.swift */ = {isa = PBXFileReference; lastKnownFileType = sourcecode.swift; path = NewItemForm.swift; sourceTree = "<group>"; };
		285740CA2BAF1DD500DA80B2 /* ImagePicker.swift */ = {isa = PBXFileReference; lastKnownFileType = sourcecode.swift; path = ImagePicker.swift; sourceTree = "<group>"; };
		2899C12A2BB70066007006E2 /* AddItem.swift */ = {isa = PBXFileReference; lastKnownFileType = sourcecode.swift; path = AddItem.swift; sourceTree = "<group>"; };
		28AAF0352BD9222600720304 /* SettingsView.swift */ = {isa = PBXFileReference; fileEncoding = 4; lastKnownFileType = sourcecode.swift; path = SettingsView.swift; sourceTree = "<group>"; };
		28AAF0372BD9222D00720304 /* Recipe.swift */ = {isa = PBXFileReference; fileEncoding = 4; lastKnownFileType = sourcecode.swift; path = Recipe.swift; sourceTree = "<group>"; };
		28AAF0392BD9247800720304 /* RecipeSearchView.swift */ = {isa = PBXFileReference; fileEncoding = 4; lastKnownFileType = sourcecode.swift; path = RecipeSearchView.swift; sourceTree = "<group>"; };
		28AAF03A2BD9247800720304 /* recipeSearch.swift */ = {isa = PBXFileReference; fileEncoding = 4; lastKnownFileType = sourcecode.swift; path = recipeSearch.swift; sourceTree = "<group>"; };
		28AAF03F2BD92A6200720304 /* Network.swift */ = {isa = PBXFileReference; fileEncoding = 4; lastKnownFileType = sourcecode.swift; path = Network.swift; sourceTree = "<group>"; };
		28AAF0412BD9577600720304 /* RecipeCardView.swift */ = {isa = PBXFileReference; fileEncoding = 4; lastKnownFileType = sourcecode.swift; path = RecipeCardView.swift; sourceTree = "<group>"; };
		28BC59232BD301C800F66D4F /* LocationsView.swift */ = {isa = PBXFileReference; lastKnownFileType = sourcecode.swift; path = LocationsView.swift; sourceTree = "<group>"; };
		28C445D62BD3D547002D60D1 /* LocationsDataService.swift */ = {isa = PBXFileReference; lastKnownFileType = sourcecode.swift; path = LocationsDataService.swift; sourceTree = "<group>"; };
		28D122E92BB071D40068BE7E /* Items.swift */ = {isa = PBXFileReference; lastKnownFileType = sourcecode.swift; path = Items.swift; sourceTree = "<group>"; };
		28D122ED2BB074FF0068BE7E /* ListView.swift */ = {isa = PBXFileReference; lastKnownFileType = sourcecode.swift; path = ListView.swift; sourceTree = "<group>"; };
		28D122EF2BB0DE870068BE7E /* NewItemView.swift */ = {isa = PBXFileReference; lastKnownFileType = sourcecode.swift; path = NewItemView.swift; sourceTree = "<group>"; };
		28D5EA4C2BA8427900BF46DD /* EcoApp.app */ = {isa = PBXFileReference; explicitFileType = wrapper.application; includeInIndex = 0; path = EcoApp.app; sourceTree = BUILT_PRODUCTS_DIR; };
		28D5EA4F2BA8427900BF46DD /* EcoAppApp.swift */ = {isa = PBXFileReference; lastKnownFileType = sourcecode.swift; path = EcoAppApp.swift; sourceTree = "<group>"; };
		28D5EA512BA8427900BF46DD /* ContentView.swift */ = {isa = PBXFileReference; lastKnownFileType = sourcecode.swift; path = ContentView.swift; sourceTree = "<group>"; };
		28D5EA532BA8427D00BF46DD /* Assets.xcassets */ = {isa = PBXFileReference; lastKnownFileType = folder.assetcatalog; path = Assets.xcassets; sourceTree = "<group>"; };
		28D5EA562BA8427D00BF46DD /* Preview Assets.xcassets */ = {isa = PBXFileReference; lastKnownFileType = folder.assetcatalog; path = "Preview Assets.xcassets"; sourceTree = "<group>"; };
		28D5EA9E2BA847AD00BF46DD /* GoogleService-Info.plist */ = {isa = PBXFileReference; fileEncoding = 4; lastKnownFileType = text.plist.xml; path = "GoogleService-Info.plist"; sourceTree = "<group>"; };
		28D5EAA12BA8484C00BF46DD /* Login.swift */ = {isa = PBXFileReference; lastKnownFileType = sourcecode.swift; path = Login.swift; sourceTree = "<group>"; };
		28D5EAA52BA85EAA00BF46DD /* EmailAnimation.json */ = {isa = PBXFileReference; fileEncoding = 4; lastKnownFileType = text.json; path = EmailAnimation.json; sourceTree = "<group>"; };
		28D5EAA92BA8621800BF46DD /* EmailAnim.json */ = {isa = PBXFileReference; fileEncoding = 4; lastKnownFileType = text.json; path = EmailAnim.json; sourceTree = "<group>"; };
		28D5EAAB2BA866A400BF46DD /* Home.swift */ = {isa = PBXFileReference; lastKnownFileType = sourcecode.swift; path = Home.swift; sourceTree = "<group>"; };
/* End PBXFileReference section */

/* Begin PBXFrameworksBuildPhase section */
		28D5EA492BA8427900BF46DD /* Frameworks */ = {
			isa = PBXFrameworksBuildPhase;
			buildActionMask = 2147483647;
			files = (
				28D5EA992BA8457100BF46DD /* FirebaseAuth in Frameworks */,
				28A8DFFB2BB839DD001981C1 /* FirebaseStorage in Frameworks */,
				28D5EA9B2BA8457E00BF46DD /* Lottie in Frameworks */,
				28D5EA9D2BA8459100BF46DD /* FirebaseFirestoreSwift in Frameworks */,
				28AAF0332BD85ACA00720304 /* Kingfisher in Frameworks */,
			);
			runOnlyForDeploymentPostprocessing = 0;
		};
/* End PBXFrameworksBuildPhase section */

/* Begin PBXGroup section */
		280114492BB18B4700507B91 /* ViewModel */ = {
			isa = PBXGroup;
			children = (
				2801144A2BB18B6C00507B91 /* ItemsViewModel.swift */,
			);
			path = ViewModel;
			sourceTree = "<group>";
		};
		281D781A2BD6CC2A00A24BA7 /* Scan */ = {
			isa = PBXGroup;
			children = (
				281D78212BD6CD5C00A24BA7 /* ScanItem.swift */,
				281D781D2BD6CC4300A24BA7 /* Barcode.swift */,
				281D781F2BD6CC4900A24BA7 /* barcodeScanning.swift */,
				281D781B2BD6CC3800A24BA7 /* barcodeToWord.swift */,
			);
			path = Scan;
			sourceTree = "<group>";
		};
		28AAF0342BD9220E00720304 /* Recipe */ = {
			isa = PBXGroup;
			children = (
				28AAF03A2BD9247800720304 /* recipeSearch.swift */,
				28AAF0412BD9577600720304 /* RecipeCardView.swift */,
				28AAF0392BD9247800720304 /* RecipeSearchView.swift */,
				28AAF0372BD9222D00720304 /* Recipe.swift */,
				28AAF0352BD9222600720304 /* SettingsView.swift */,
			);
			path = Recipe;
			sourceTree = "<group>";
		};
		28BC59252BD3CFFA00F66D4F /* Map */ = {
			isa = PBXGroup;
			children = (
				2819535D2BD5C99900685A77 /* Location.swift */,
				2830130B2BD3FB2E0013900D /* LocationMapAnnotationView.swift */,
				283013092BD3E6370013900D /* LocationsPreviewView.swift */,
				283013072BD3DF3A0013900D /* LocationsViewModel.swift */,
				28BC59232BD301C800F66D4F /* LocationsView.swift */,
				28C445D62BD3D547002D60D1 /* LocationsDataService.swift */,
			);
			path = Map;
			sourceTree = "<group>";
		};
		28D5EA432BA8427900BF46DD = {
			isa = PBXGroup;
			children = (
				28D5EAA92BA8621800BF46DD /* EmailAnim.json */,
				28D5EAA52BA85EAA00BF46DD /* EmailAnimation.json */,
				28D5EA9E2BA847AD00BF46DD /* GoogleService-Info.plist */,
				28D5EA4E2BA8427900BF46DD /* EcoApp */,
				28D5EA4D2BA8427900BF46DD /* Products */,
				28D5EA972BA8457100BF46DD /* Frameworks */,
			);
			sourceTree = "<group>";
		};
		28D5EA4D2BA8427900BF46DD /* Products */ = {
			isa = PBXGroup;
			children = (
				28D5EA4C2BA8427900BF46DD /* EcoApp.app */,
			);
			name = Products;
			sourceTree = "<group>";
		};
		28D5EA4E2BA8427900BF46DD /* EcoApp */ = {
			isa = PBXGroup;
			children = (
				28AAF03F2BD92A6200720304 /* Network.swift */,
				28AAF0342BD9220E00720304 /* Recipe */,
				281D781A2BD6CC2A00A24BA7 /* Scan */,
				28BC59252BD3CFFA00F66D4F /* Map */,
				284DBC5D2BBA26C40027EA3C /* NewItemForm.swift */,
				280114492BB18B4700507B91 /* ViewModel */,
				28D5EAA02BA8483900BF46DD /* View */,
				28D5EA4F2BA8427900BF46DD /* EcoAppApp.swift */,
				28D5EA512BA8427900BF46DD /* ContentView.swift */,
				28D5EA532BA8427D00BF46DD /* Assets.xcassets */,
				28D5EA552BA8427D00BF46DD /* Preview Content */,
				285740CA2BAF1DD500DA80B2 /* ImagePicker.swift */,
				281D78242BD6E9C000A24BA7 /* ScannerView.swift */,
				28D122ED2BB074FF0068BE7E /* ListView.swift */,
				2899C12A2BB70066007006E2 /* AddItem.swift */,
				2817C1902BBB13F4008256EE /* EditItem.swift */,
				284DBC522BB9BFDA0027EA3C /* Networking.swift */,
			);
			path = EcoApp;
			sourceTree = "<group>";
		};
		28D5EA552BA8427D00BF46DD /* Preview Content */ = {
			isa = PBXGroup;
			children = (
				28D5EA562BA8427D00BF46DD /* Preview Assets.xcassets */,
			);
			path = "Preview Content";
			sourceTree = "<group>";
		};
		28D5EA972BA8457100BF46DD /* Frameworks */ = {
			isa = PBXGroup;
			children = (
			);
			name = Frameworks;
			sourceTree = "<group>";
		};
		28D5EAA02BA8483900BF46DD /* View */ = {
			isa = PBXGroup;
			children = (
				28D5EAA12BA8484C00BF46DD /* Login.swift */,
				28D5EAAB2BA866A400BF46DD /* Home.swift */,
				28D122E92BB071D40068BE7E /* Items.swift */,
				28D122EF2BB0DE870068BE7E /* NewItemView.swift */,
			);
			path = View;
			sourceTree = "<group>";
		};
/* End PBXGroup section */

/* Begin PBXNativeTarget section */
		28D5EA4B2BA8427900BF46DD /* EcoApp */ = {
			isa = PBXNativeTarget;
			buildConfigurationList = 28D5EA5A2BA8427D00BF46DD /* Build configuration list for PBXNativeTarget "EcoApp" */;
			buildPhases = (
				28D5EA482BA8427900BF46DD /* Sources */,
				28D5EA492BA8427900BF46DD /* Frameworks */,
				28D5EA4A2BA8427900BF46DD /* Resources */,
			);
			buildRules = (
			);
			dependencies = (
			);
			name = EcoApp;
			packageProductDependencies = (
				28D5EA982BA8457100BF46DD /* FirebaseAuth */,
				28D5EA9A2BA8457E00BF46DD /* Lottie */,
				28D5EA9C2BA8459100BF46DD /* FirebaseFirestoreSwift */,
				28A8DFFA2BB839DD001981C1 /* FirebaseStorage */,
				28AAF0322BD85ACA00720304 /* Kingfisher */,
			);
			productName = EcoApp;
			productReference = 28D5EA4C2BA8427900BF46DD /* EcoApp.app */;
			productType = "com.apple.product-type.application";
		};
/* End PBXNativeTarget section */

/* Begin PBXProject section */
		28D5EA442BA8427900BF46DD /* Project object */ = {
			isa = PBXProject;
			attributes = {
				BuildIndependentTargetsInParallel = 1;
				LastSwiftUpdateCheck = 1530;
				LastUpgradeCheck = 1530;
				TargetAttributes = {
					28D5EA4B2BA8427900BF46DD = {
						CreatedOnToolsVersion = 15.3;
					};
				};
			};
			buildConfigurationList = 28D5EA472BA8427900BF46DD /* Build configuration list for PBXProject "EcoApp" */;
			compatibilityVersion = "Xcode 14.0";
			developmentRegion = en;
			hasScannedForEncodings = 0;
			knownRegions = (
				en,
				Base,
			);
			mainGroup = 28D5EA432BA8427900BF46DD;
			packageReferences = (
				28D5EA5D2BA8431D00BF46DD /* XCRemoteSwiftPackageReference "firebase-ios-sdk" */,
				28D5EA942BA8441C00BF46DD /* XCRemoteSwiftPackageReference "lottie-ios" */,
				28AAF0312BD85ACA00720304 /* XCRemoteSwiftPackageReference "Kingfisher" */,
			);
			productRefGroup = 28D5EA4D2BA8427900BF46DD /* Products */;
			projectDirPath = "";
			projectRoot = "";
			targets = (
				28D5EA4B2BA8427900BF46DD /* EcoApp */,
			);
		};
/* End PBXProject section */

/* Begin PBXResourcesBuildPhase section */
		28D5EA4A2BA8427900BF46DD /* Resources */ = {
			isa = PBXResourcesBuildPhase;
			buildActionMask = 2147483647;
			files = (
				28D5EA572BA8427D00BF46DD /* Preview Assets.xcassets in Resources */,
				28D5EA542BA8427D00BF46DD /* Assets.xcassets in Resources */,
				28D5EA9F2BA847AF00BF46DD /* GoogleService-Info.plist in Resources */,
				28D5EAA62BA85EAA00BF46DD /* EmailAnimation.json in Resources */,
				28D5EAAA2BA8621800BF46DD /* EmailAnim.json in Resources */,
			);
			runOnlyForDeploymentPostprocessing = 0;
		};
/* End PBXResourcesBuildPhase section */

/* Begin PBXSourcesBuildPhase section */
		28D5EA482BA8427900BF46DD /* Sources */ = {
			isa = PBXSourcesBuildPhase;
			buildActionMask = 2147483647;
			files = (
				28D5EAA22BA8484C00BF46DD /* Login.swift in Sources */,
				281D78252BD6E9C100A24BA7 /* ScannerView.swift in Sources */,
				28D122EE2BB074FF0068BE7E /* ListView.swift in Sources */,
				28AAF03B2BD9247800720304 /* RecipeSearchView.swift in Sources */,
				28D5EA522BA8427900BF46DD /* ContentView.swift in Sources */,
				28C445D72BD3D547002D60D1 /* LocationsDataService.swift in Sources */,
				284DBC532BB9BFDA0027EA3C /* Networking.swift in Sources */,
				2899C12B2BB70066007006E2 /* AddItem.swift in Sources */,
				28AAF0382BD9222D00720304 /* Recipe.swift in Sources */,
				2830130C2BD3FB2E0013900D /* LocationMapAnnotationView.swift in Sources */,
				281D78202BD6CC4900A24BA7 /* barcodeScanning.swift in Sources */,
				283013082BD3DF3A0013900D /* LocationsViewModel.swift in Sources */,
				28D5EAAC2BA866A400BF46DD /* Home.swift in Sources */,
				28BC59242BD301C800F66D4F /* LocationsView.swift in Sources */,
				2801144B2BB18B6C00507B91 /* ItemsViewModel.swift in Sources */,
				285740CB2BAF1DD600DA80B2 /* ImagePicker.swift in Sources */,
				284DBC5E2BBA26C50027EA3C /* NewItemForm.swift in Sources */,
				2817C1912BBB13F4008256EE /* EditItem.swift in Sources */,
				281D781E2BD6CC4300A24BA7 /* Barcode.swift in Sources */,
				28AAF03C2BD9247800720304 /* recipeSearch.swift in Sources */,
				2819535E2BD5C99900685A77 /* Location.swift in Sources */,
				28AAF0422BD9577700720304 /* RecipeCardView.swift in Sources */,
				28D122EA2BB071D50068BE7E /* Items.swift in Sources */,
				2830130A2BD3E6370013900D /* LocationsPreviewView.swift in Sources */,
				281D781C2BD6CC3800A24BA7 /* barcodeToWord.swift in Sources */,
				28D122F02BB0DE880068BE7E /* NewItemView.swift in Sources */,
				28D5EA502BA8427900BF46DD /* EcoAppApp.swift in Sources */,
				28AAF0362BD9222600720304 /* SettingsView.swift in Sources */,
				281D78222BD6CD5C00A24BA7 /* ScanItem.swift in Sources */,
				28AAF0402BD92A6300720304 /* Network.swift in Sources */,
			);
			runOnlyForDeploymentPostprocessing = 0;
		};
/* End PBXSourcesBuildPhase section */

/* Begin XCBuildConfiguration section */
		28D5EA582BA8427D00BF46DD /* Debug */ = {
			isa = XCBuildConfiguration;
			buildSettings = {
				ALWAYS_SEARCH_USER_PATHS = NO;
				ASSETCATALOG_COMPILER_GENERATE_SWIFT_ASSET_SYMBOL_EXTENSIONS = YES;
				CLANG_ANALYZER_NONNULL = YES;
				CLANG_ANALYZER_NUMBER_OBJECT_CONVERSION = YES_AGGRESSIVE;
				CLANG_CXX_LANGUAGE_STANDARD = "gnu++20";
				CLANG_ENABLE_MODULES = YES;
				CLANG_ENABLE_OBJC_ARC = YES;
				CLANG_ENABLE_OBJC_WEAK = YES;
				CLANG_WARN_BLOCK_CAPTURE_AUTORELEASING = YES;
				CLANG_WARN_BOOL_CONVERSION = YES;
				CLANG_WARN_COMMA = YES;
				CLANG_WARN_CONSTANT_CONVERSION = YES;
				CLANG_WARN_DEPRECATED_OBJC_IMPLEMENTATIONS = YES;
				CLANG_WARN_DIRECT_OBJC_ISA_USAGE = YES_ERROR;
				CLANG_WARN_DOCUMENTATION_COMMENTS = YES;
				CLANG_WARN_EMPTY_BODY = YES;
				CLANG_WARN_ENUM_CONVERSION = YES;
				CLANG_WARN_INFINITE_RECURSION = YES;
				CLANG_WARN_INT_CONVERSION = YES;
				CLANG_WARN_NON_LITERAL_NULL_CONVERSION = YES;
				CLANG_WARN_OBJC_IMPLICIT_RETAIN_SELF = YES;
				CLANG_WARN_OBJC_LITERAL_CONVERSION = YES;
				CLANG_WARN_OBJC_ROOT_CLASS = YES_ERROR;
				CLANG_WARN_QUOTED_INCLUDE_IN_FRAMEWORK_HEADER = YES;
				CLANG_WARN_RANGE_LOOP_ANALYSIS = YES;
				CLANG_WARN_STRICT_PROTOTYPES = YES;
				CLANG_WARN_SUSPICIOUS_MOVE = YES;
				CLANG_WARN_UNGUARDED_AVAILABILITY = YES_AGGRESSIVE;
				CLANG_WARN_UNREACHABLE_CODE = YES;
				CLANG_WARN__DUPLICATE_METHOD_MATCH = YES;
				COPY_PHASE_STRIP = NO;
				DEBUG_INFORMATION_FORMAT = dwarf;
				ENABLE_STRICT_OBJC_MSGSEND = YES;
				ENABLE_TESTABILITY = YES;
				ENABLE_USER_SCRIPT_SANDBOXING = YES;
				GCC_C_LANGUAGE_STANDARD = gnu17;
				GCC_DYNAMIC_NO_PIC = NO;
				GCC_NO_COMMON_BLOCKS = YES;
				GCC_OPTIMIZATION_LEVEL = 0;
				GCC_PREPROCESSOR_DEFINITIONS = (
					"DEBUG=1",
					"$(inherited)",
				);
				GCC_WARN_64_TO_32_BIT_CONVERSION = YES;
				GCC_WARN_ABOUT_RETURN_TYPE = YES_ERROR;
				GCC_WARN_UNDECLARED_SELECTOR = YES;
				GCC_WARN_UNINITIALIZED_AUTOS = YES_AGGRESSIVE;
				GCC_WARN_UNUSED_FUNCTION = YES;
				GCC_WARN_UNUSED_VARIABLE = YES;
				IPHONEOS_DEPLOYMENT_TARGET = 17.4;
				LOCALIZATION_PREFERS_STRING_CATALOGS = YES;
				MTL_ENABLE_DEBUG_INFO = INCLUDE_SOURCE;
				MTL_FAST_MATH = YES;
				ONLY_ACTIVE_ARCH = YES;
				SDKROOT = iphoneos;
				SWIFT_ACTIVE_COMPILATION_CONDITIONS = "DEBUG $(inherited)";
				SWIFT_OPTIMIZATION_LEVEL = "-Onone";
				SWIFT_VERSION = 5.0;
			};
			name = Debug;
		};
		28D5EA592BA8427D00BF46DD /* Release */ = {
			isa = XCBuildConfiguration;
			buildSettings = {
				ALWAYS_SEARCH_USER_PATHS = NO;
				ASSETCATALOG_COMPILER_GENERATE_SWIFT_ASSET_SYMBOL_EXTENSIONS = YES;
				CLANG_ANALYZER_NONNULL = YES;
				CLANG_ANALYZER_NUMBER_OBJECT_CONVERSION = YES_AGGRESSIVE;
				CLANG_CXX_LANGUAGE_STANDARD = "gnu++20";
				CLANG_ENABLE_MODULES = YES;
				CLANG_ENABLE_OBJC_ARC = YES;
				CLANG_ENABLE_OBJC_WEAK = YES;
				CLANG_WARN_BLOCK_CAPTURE_AUTORELEASING = YES;
				CLANG_WARN_BOOL_CONVERSION = YES;
				CLANG_WARN_COMMA = YES;
				CLANG_WARN_CONSTANT_CONVERSION = YES;
				CLANG_WARN_DEPRECATED_OBJC_IMPLEMENTATIONS = YES;
				CLANG_WARN_DIRECT_OBJC_ISA_USAGE = YES_ERROR;
				CLANG_WARN_DOCUMENTATION_COMMENTS = YES;
				CLANG_WARN_EMPTY_BODY = YES;
				CLANG_WARN_ENUM_CONVERSION = YES;
				CLANG_WARN_INFINITE_RECURSION = YES;
				CLANG_WARN_INT_CONVERSION = YES;
				CLANG_WARN_NON_LITERAL_NULL_CONVERSION = YES;
				CLANG_WARN_OBJC_IMPLICIT_RETAIN_SELF = YES;
				CLANG_WARN_OBJC_LITERAL_CONVERSION = YES;
				CLANG_WARN_OBJC_ROOT_CLASS = YES_ERROR;
				CLANG_WARN_QUOTED_INCLUDE_IN_FRAMEWORK_HEADER = YES;
				CLANG_WARN_RANGE_LOOP_ANALYSIS = YES;
				CLANG_WARN_STRICT_PROTOTYPES = YES;
				CLANG_WARN_SUSPICIOUS_MOVE = YES;
				CLANG_WARN_UNGUARDED_AVAILABILITY = YES_AGGRESSIVE;
				CLANG_WARN_UNREACHABLE_CODE = YES;
				CLANG_WARN__DUPLICATE_METHOD_MATCH = YES;
				COPY_PHASE_STRIP = NO;
				DEBUG_INFORMATION_FORMAT = "dwarf-with-dsym";
				ENABLE_NS_ASSERTIONS = NO;
				ENABLE_STRICT_OBJC_MSGSEND = YES;
				ENABLE_USER_SCRIPT_SANDBOXING = YES;
				GCC_C_LANGUAGE_STANDARD = gnu17;
				GCC_NO_COMMON_BLOCKS = YES;
				GCC_WARN_64_TO_32_BIT_CONVERSION = YES;
				GCC_WARN_ABOUT_RETURN_TYPE = YES_ERROR;
				GCC_WARN_UNDECLARED_SELECTOR = YES;
				GCC_WARN_UNINITIALIZED_AUTOS = YES_AGGRESSIVE;
				GCC_WARN_UNUSED_FUNCTION = YES;
				GCC_WARN_UNUSED_VARIABLE = YES;
				IPHONEOS_DEPLOYMENT_TARGET = 17.4;
				LOCALIZATION_PREFERS_STRING_CATALOGS = YES;
				MTL_ENABLE_DEBUG_INFO = NO;
				MTL_FAST_MATH = YES;
				SDKROOT = iphoneos;
				SWIFT_COMPILATION_MODE = wholemodule;
				SWIFT_VERSION = 5.0;
				VALIDATE_PRODUCT = YES;
			};
			name = Release;
		};
		28D5EA5B2BA8427D00BF46DD /* Debug */ = {
			isa = XCBuildConfiguration;
			buildSettings = {
				ASSETCATALOG_COMPILER_APPICON_NAME = AppIcon;
				ASSETCATALOG_COMPILER_GLOBAL_ACCENT_COLOR_NAME = AccentColor;
				CODE_SIGN_STYLE = Automatic;
				CURRENT_PROJECT_VERSION = 1;
				DEVELOPMENT_ASSET_PATHS = "\"EcoApp/Preview Content\"";
				DEVELOPMENT_TEAM = 8XTSJS7S4Z;
				ENABLE_PREVIEWS = YES;
				GENERATE_INFOPLIST_FILE = YES;
				INFOPLIST_FILE = EcoApp/Info.plist;
				INFOPLIST_KEY_NSCameraUsageDescription = "";
				INFOPLIST_KEY_NSLocationAlwaysAndWhenInUseUsageDescription = "";
				INFOPLIST_KEY_NSLocationWhenInUseUsageDescription = "We want to access your location";
				INFOPLIST_KEY_NSMicrophoneUsageDescription = "Audio is recorded to transcribe the ingredient and will be discarded once complete.";
				INFOPLIST_KEY_NSSpeechRecognitionUsageDescription = "You can see your voice note in the app";
				INFOPLIST_KEY_UIApplicationSceneManifest_Generation = YES;
				INFOPLIST_KEY_UIApplicationSupportsIndirectInputEvents = YES;
				INFOPLIST_KEY_UILaunchScreen_Generation = YES;
				INFOPLIST_KEY_UISupportedInterfaceOrientations_iPad = "UIInterfaceOrientationPortrait UIInterfaceOrientationPortraitUpsideDown UIInterfaceOrientationLandscapeLeft UIInterfaceOrientationLandscapeRight";
				INFOPLIST_KEY_UISupportedInterfaceOrientations_iPhone = "UIInterfaceOrientationPortrait UIInterfaceOrientationLandscapeLeft UIInterfaceOrientationLandscapeRight";
				LD_RUNPATH_SEARCH_PATHS = (
					"$(inherited)",
					"@executable_path/Frameworks",
				);
				MARKETING_VERSION = 1.0;
				PRODUCT_BUNDLE_IDENTIFIER = EcoMake.EcoApp;
				PRODUCT_NAME = "$(TARGET_NAME)";
				SWIFT_EMIT_LOC_STRINGS = YES;
				SWIFT_VERSION = 5.0;
				TARGETED_DEVICE_FAMILY = "1,2";
			};
			name = Debug;
		};
		28D5EA5C2BA8427D00BF46DD /* Release */ = {
			isa = XCBuildConfiguration;
			buildSettings = {
				ASSETCATALOG_COMPILER_APPICON_NAME = AppIcon;
				ASSETCATALOG_COMPILER_GLOBAL_ACCENT_COLOR_NAME = AccentColor;
				CODE_SIGN_STYLE = Automatic;
				CURRENT_PROJECT_VERSION = 1;
				DEVELOPMENT_ASSET_PATHS = "\"EcoApp/Preview Content\"";
				DEVELOPMENT_TEAM = 8XTSJS7S4Z;
				ENABLE_PREVIEWS = YES;
				GENERATE_INFOPLIST_FILE = YES;
				INFOPLIST_FILE = EcoApp/Info.plist;
				INFOPLIST_KEY_NSCameraUsageDescription = "";
				INFOPLIST_KEY_NSLocationAlwaysAndWhenInUseUsageDescription = "";
				INFOPLIST_KEY_NSLocationWhenInUseUsageDescription = "We want to access your location";
				INFOPLIST_KEY_NSMicrophoneUsageDescription = "Audio is recorded to transcribe the ingredient and will be discarded once complete.";
				INFOPLIST_KEY_NSSpeechRecognitionUsageDescription = "You can see your voice note in the app";
				INFOPLIST_KEY_UIApplicationSceneManifest_Generation = YES;
				INFOPLIST_KEY_UIApplicationSupportsIndirectInputEvents = YES;
				INFOPLIST_KEY_UILaunchScreen_Generation = YES;
				INFOPLIST_KEY_UISupportedInterfaceOrientations_iPad = "UIInterfaceOrientationPortrait UIInterfaceOrientationPortraitUpsideDown UIInterfaceOrientationLandscapeLeft UIInterfaceOrientationLandscapeRight";
				INFOPLIST_KEY_UISupportedInterfaceOrientations_iPhone = "UIInterfaceOrientationPortrait UIInterfaceOrientationLandscapeLeft UIInterfaceOrientationLandscapeRight";
				LD_RUNPATH_SEARCH_PATHS = (
					"$(inherited)",
					"@executable_path/Frameworks",
				);
				MARKETING_VERSION = 1.0;
				PRODUCT_BUNDLE_IDENTIFIER = EcoMake.EcoApp;
				PRODUCT_NAME = "$(TARGET_NAME)";
				SWIFT_EMIT_LOC_STRINGS = YES;
				SWIFT_VERSION = 5.0;
				TARGETED_DEVICE_FAMILY = "1,2";
			};
			name = Release;
		};
/* End XCBuildConfiguration section */

/* Begin XCConfigurationList section */
		28D5EA472BA8427900BF46DD /* Build configuration list for PBXProject "EcoApp" */ = {
			isa = XCConfigurationList;
			buildConfigurations = (
				28D5EA582BA8427D00BF46DD /* Debug */,
				28D5EA592BA8427D00BF46DD /* Release */,
			);
			defaultConfigurationIsVisible = 0;
			defaultConfigurationName = Release;
		};
		28D5EA5A2BA8427D00BF46DD /* Build configuration list for PBXNativeTarget "EcoApp" */ = {
			isa = XCConfigurationList;
			buildConfigurations = (
				28D5EA5B2BA8427D00BF46DD /* Debug */,
				28D5EA5C2BA8427D00BF46DD /* Release */,
			);
			defaultConfigurationIsVisible = 0;
			defaultConfigurationName = Release;
		};
/* End XCConfigurationList section */

/* Begin XCRemoteSwiftPackageReference section */
		28AAF0312BD85ACA00720304 /* XCRemoteSwiftPackageReference "Kingfisher" */ = {
			isa = XCRemoteSwiftPackageReference;
			repositoryURL = "https://github.com/onevcat/Kingfisher";
			requirement = {
				kind = upToNextMajorVersion;
				minimumVersion = 7.11.0;
			};
		};
		28D5EA5D2BA8431D00BF46DD /* XCRemoteSwiftPackageReference "firebase-ios-sdk" */ = {
			isa = XCRemoteSwiftPackageReference;
			repositoryURL = "https://github.com/firebase/firebase-ios-sdk";
			requirement = {
				kind = upToNextMajorVersion;
				minimumVersion = 10.22.1;
			};
		};
		28D5EA942BA8441C00BF46DD /* XCRemoteSwiftPackageReference "lottie-ios" */ = {
			isa = XCRemoteSwiftPackageReference;
			repositoryURL = "https://github.com/airbnb/lottie-ios.git";
			requirement = {
				kind = upToNextMajorVersion;
				minimumVersion = 4.4.1;
			};
		};
/* End XCRemoteSwiftPackageReference section */

/* Begin XCSwiftPackageProductDependency section */
		28A8DFFA2BB839DD001981C1 /* FirebaseStorage */ = {
			isa = XCSwiftPackageProductDependency;
			package = 28D5EA5D2BA8431D00BF46DD /* XCRemoteSwiftPackageReference "firebase-ios-sdk" */;
			productName = FirebaseStorage;
		};
		28AAF0322BD85ACA00720304 /* Kingfisher */ = {
			isa = XCSwiftPackageProductDependency;
			package = 28AAF0312BD85ACA00720304 /* XCRemoteSwiftPackageReference "Kingfisher" */;
			productName = Kingfisher;
		};
		28D5EA982BA8457100BF46DD /* FirebaseAuth */ = {
			isa = XCSwiftPackageProductDependency;
			package = 28D5EA5D2BA8431D00BF46DD /* XCRemoteSwiftPackageReference "firebase-ios-sdk" */;
			productName = FirebaseAuth;
		};
		28D5EA9A2BA8457E00BF46DD /* Lottie */ = {
			isa = XCSwiftPackageProductDependency;
			package = 28D5EA942BA8441C00BF46DD /* XCRemoteSwiftPackageReference "lottie-ios" */;
			productName = Lottie;
		};
		28D5EA9C2BA8459100BF46DD /* FirebaseFirestoreSwift */ = {
			isa = XCSwiftPackageProductDependency;
			package = 28D5EA5D2BA8431D00BF46DD /* XCRemoteSwiftPackageReference "firebase-ios-sdk" */;
			productName = FirebaseFirestoreSwift;
		};
/* End XCSwiftPackageProductDependency section */
	};
	rootObject = 28D5EA442BA8427900BF46DD /* Project object */;
}
